dependencies:
- name: cert-manager
  repository: https://charts.jetstack.io
  version: v1.21.1
- name: ingress-nginx
  repository: https://kubernetes.github.io/ingress-nginx
  version: 4.15.1
digest: sha256:c5ff6272cdc357f48fd97284038a3548059ad7b09c07b45df098f4db14596c5d
generated: "2026-08-16T00:23:33.548169776Z"
