dependencies:
- name: cert-manager
  repository: https://charts.jetstack.io
  version: v1.21.0
- name: ingress-nginx
  repository: https://kubernetes.github.io/ingress-nginx
  version: 4.15.1
digest: sha256:a4920fc1f4d7140bf91f6f9ee19b1c6ea1e60763b31af78903c22832a112f55f
generated: "2026-07-19T00:41:04.75539776Z"
