dependencies:
- name: minio
  repository: https://charts.bitnami.com/bitnami
  version: 14.6.7
- name: rag
  repository: file://../rag-infrastructure/rag
  version: 0.0.1
- name: admin-backend
  repository: file://./charts/admin-backend
  version: 0.0.1
- name: ollama
  repository: https://otwld.github.io/ollama-helm/
  version: 0.29.1
- name: adminfrontend
  repository: file://./charts/adminfrontend
  version: 0.0.1
digest: sha256:853ac2a3d4d16c47b0d3501a8e03c040e78d25932b4525ffba643515b8f1c308
generated: "2024-08-01T07:54:23.115905835+02:00"
