dependencies:
- name: langfuse
  repository: https://langfuse.github.io/langfuse-k8s
  version: 1.3.4
- name: qdrant
  repository: https://qdrant.github.io/qdrant-helm
  version: 1.15.1
- name: minio
  repository: https://charts.bitnami.com/bitnami
  version: 15.0.7
- name: keydb
  repository: https://enapter.github.io/charts/
  version: 0.48.0
- name: ollama
  repository: https://otwld.github.io/ollama-helm/
  version: 1.25.0
digest: sha256:6d5a1f94963aa5661a841b4093ef849b60f5352221316a7be55da5ccff3e2e57
generated: "2025-08-10T01:48:39.455762378Z"
