dependencies:
- name: langfuse
  repository: https://langfuse.github.io/langfuse-k8s
  version: 1.5.3
- name: qdrant
  repository: https://qdrant.github.io/qdrant-helm
  version: 1.15.4
- name: minio
  repository: https://charts.bitnami.com/bitnami
  version: 15.0.7
- name: keydb
  repository: https://enapter.github.io/charts/
  version: 0.48.0
- name: ollama
  repository: https://otwld.github.io/ollama-helm/
  version: 1.29.0
digest: sha256:1e60efd0d280ddd56391d9e8a73234b336255b60cefd8e5c7f44ef8fcc8bd3c5
generated: "2025-09-28T01:28:02.888269662Z"
