dependencies:
- name: langfuse
  repository: https://langfuse.github.io/langfuse-k8s
  version: 1.5.1
- name: qdrant
  repository: https://qdrant.github.io/qdrant-helm
  version: 1.12.6
- name: minio
  repository: https://charts.bitnami.com/bitnami
  version: 15.0.3
- name: keydb
  repository: https://enapter.github.io/charts/
  version: 0.48.0
- name: ollama
  repository: https://otwld.github.io/ollama-helm/
  version: 1.1.0
digest: sha256:02781b4c97462f6c600d3fadf7127790482a20e537596fed4722ef912d15ec00
generated: "2025-09-03T15:42:41.704412+02:00"
